
Microsoft Visual Studio Solution File, Format Version 12.00
# Visual Studio 15
VisualStudioVersion = 15.0.28307.136
MinimumVisualStudioVersion = 10.0.40219.1
Project("{FAE04EC0-301F-11D3-BF4B-00C04F79EFBC}") = "DVDScreenSaver", "DVDScreenSaver.csproj", "{741713C9-A586-49A3-9968-6B72F44DA814}"
EndProject
Global
	GlobalSection(SolutionConfigurationPlatforms) = preSolution
		Debug|Any CPU = Debug|Any CPU
		Release|Any CPU = Release|Any CPU
	EndGlobalSection
	GlobalSection(ProjectConfigurationPlatforms) = postSolution
		{741713C9-A586-49A3-9968-6B72F44DA814}.Debug|Any CPU.ActiveCfg = Debug|Any CPU
		{741713C9-A586-49A3-9968-6B72F44DA814}.Debug|Any CPU.Build.0 = Debug|Any CPU
		{741713C9-A586-49A3-9968-6B72F44DA814}.Release|Any CPU.ActiveCfg = Release|Any CPU
		{741713C9-A586-49A3-9968-6B72F44DA814}.Release|Any CPU.Build.0 = Release|Any CPU
	EndGlobalSection
	GlobalSection(SolutionProperties) = preSolution
		HideSolutionNode = FALSE
	EndGlobalSection
	GlobalSection(ExtensibilityGlobals) = postSolution
		SolutionGuid = {61A24DFB-D4F6-4F6B-8531-5A02399D2957}
	EndGlobalSection
EndGlobal
